
Microsoft Visual Studio Solution File, Format Version 12.00
# Visual Studio Version 17
VisualStudioVersion = 17.6.33829.357
MinimumVisualStudioVersion = 10.0.40219.1
Project("{FAE04EC0-301F-11D3-BF4B-00C04F79EFBC}") = "02.09.2023 MT", "02.09.2023 MT.csproj", "{B909AA38-7A10-455E-B84E-5071CF8921D0}"
EndProject
Global
	GlobalSection(SolutionConfigurationPlatforms) = preSolution
		Debug|Any CPU = Debug|Any CPU
		Release|Any CPU = Release|Any CPU
	EndGlobalSection
	GlobalSection(ProjectConfigurationPlatforms) = postSolution
		{B909AA38-7A10-455E-B84E-5071CF8921D0}.Debug|Any CPU.ActiveCfg = Debug|Any CPU
		{B909AA38-7A10-455E-B84E-5071CF8921D0}.Debug|Any CPU.Build.0 = Debug|Any CPU
		{B909AA38-7A10-455E-B84E-5071CF8921D0}.Release|Any CPU.ActiveCfg = Release|Any CPU
		{B909AA38-7A10-455E-B84E-5071CF8921D0}.Release|Any CPU.Build.0 = Release|Any CPU
	EndGlobalSection
	GlobalSection(SolutionProperties) = preSolution
		HideSolutionNode = FALSE
	EndGlobalSection
	GlobalSection(ExtensibilityGlobals) = postSolution
		SolutionGuid = {84894681-FB91-48C1-B6F8-425F5305D5E0}
	EndGlobalSection
EndGlobal
