
Microsoft Visual Studio Solution File, Format Version 12.00
# Visual Studio Version 17
VisualStudioVersion = 17.6.33829.357
MinimumVisualStudioVersion = 10.0.40219.1
Project("{FAE04EC0-301F-11D3-BF4B-00C04F79EFBC}") = "30.09.2023 MT", "30.09.2023 MT.csproj", "{B5ABAA78-FD75-4FEF-B2AF-CDB9DFE0E489}"
EndProject
Global
	GlobalSection(SolutionConfigurationPlatforms) = preSolution
		Debug|Any CPU = Debug|Any CPU
		Release|Any CPU = Release|Any CPU
	EndGlobalSection
	GlobalSection(ProjectConfigurationPlatforms) = postSolution
		{B5ABAA78-FD75-4FEF-B2AF-CDB9DFE0E489}.Debug|Any CPU.ActiveCfg = Debug|Any CPU
		{B5ABAA78-FD75-4FEF-B2AF-CDB9DFE0E489}.Debug|Any CPU.Build.0 = Debug|Any CPU
		{B5ABAA78-FD75-4FEF-B2AF-CDB9DFE0E489}.Release|Any CPU.ActiveCfg = Release|Any CPU
		{B5ABAA78-FD75-4FEF-B2AF-CDB9DFE0E489}.Release|Any CPU.Build.0 = Release|Any CPU
	EndGlobalSection
	GlobalSection(SolutionProperties) = preSolution
		HideSolutionNode = FALSE
	EndGlobalSection
	GlobalSection(ExtensibilityGlobals) = postSolution
		SolutionGuid = {6F5437D6-E493-4A15-9F84-3A6D672ACEE2}
	EndGlobalSection
EndGlobal
