
Microsoft Visual Studio Solution File, Format Version 12.00
# Visual Studio Version 17
VisualStudioVersion = 17.7.34202.233
MinimumVisualStudioVersion = 10.0.40219.1
Project("{FAE04EC0-301F-11D3-BF4B-00C04F79EFBC}") = "11.11.2023 MT", "11.11.2023 MT\11.11.2023 MT.csproj", "{D78FC154-BE1C-4D86-B171-7C5770D73DF2}"
EndProject
Global
	GlobalSection(SolutionConfigurationPlatforms) = preSolution
		Debug|Any CPU = Debug|Any CPU
		Release|Any CPU = Release|Any CPU
	EndGlobalSection
	GlobalSection(ProjectConfigurationPlatforms) = postSolution
		{D78FC154-BE1C-4D86-B171-7C5770D73DF2}.Debug|Any CPU.ActiveCfg = Debug|Any CPU
		{D78FC154-BE1C-4D86-B171-7C5770D73DF2}.Debug|Any CPU.Build.0 = Debug|Any CPU
		{D78FC154-BE1C-4D86-B171-7C5770D73DF2}.Release|Any CPU.ActiveCfg = Release|Any CPU
		{D78FC154-BE1C-4D86-B171-7C5770D73DF2}.Release|Any CPU.Build.0 = Release|Any CPU
	EndGlobalSection
	GlobalSection(SolutionProperties) = preSolution
		HideSolutionNode = FALSE
	EndGlobalSection
	GlobalSection(ExtensibilityGlobals) = postSolution
		SolutionGuid = {55E6F068-08EF-4ABD-BC84-0F49D6DEBD21}
	EndGlobalSection
EndGlobal
